// !$*UTF8*$!
{
	archiveVersion = 1;
	classes = {
	};
	objectVersion = 50;
	objects = {

/* Begin PBXBuildFile section */
		D22D790F238E457400329437 /* UserSettingsModel.swift in Sources */ = {isa = PBXBuildFile; fileRef = D22D790E238E457400329437 /* UserSettingsModel.swift */; };
		D22D7911238E4D8F00329437 /* SignIn.swift in Sources */ = {isa = PBXBuildFile; fileRef = D22D7910238E4D8F00329437 /* SignIn.swift */; };
		D22D7913238E504D00329437 /* Welcome.swift in Sources */ = {isa = PBXBuildFile; fileRef = D22D7912238E504D00329437 /* Welcome.swift */; };
		D22D791C238E7AF800329437 /* Karla-Regular.ttf in Resources */ = {isa = PBXBuildFile; fileRef = D22D791A238E7AF800329437 /* Karla-Regular.ttf */; };
		D22D791D238E7AF800329437 /* Karla-Regular.ttf in Resources */ = {isa = PBXBuildFile; fileRef = D22D791A238E7AF800329437 /* Karla-Regular.ttf */; };
		D22D791E238E7AF800329437 /* Karla-Regular.ttf in Resources */ = {isa = PBXBuildFile; fileRef = D22D791A238E7AF800329437 /* Karla-Regular.ttf */; };
		D22D791F238E7AF800329437 /* Rubik-Regular.ttf in Resources */ = {isa = PBXBuildFile; fileRef = D22D791B238E7AF800329437 /* Rubik-Regular.ttf */; };
		D22D7920238E7AF800329437 /* Rubik-Regular.ttf in Resources */ = {isa = PBXBuildFile; fileRef = D22D791B238E7AF800329437 /* Rubik-Regular.ttf */; };
		D22D7921238E7AF800329437 /* Rubik-Regular.ttf in Resources */ = {isa = PBXBuildFile; fileRef = D22D791B238E7AF800329437 /* Rubik-Regular.ttf */; };
		D23FD74A238FD5400066C1E1 /* SignUp.swift in Sources */ = {isa = PBXBuildFile; fileRef = D23FD749238FD5400066C1E1 /* SignUp.swift */; };
		D254C7CD238BA81100E4B7E1 /* AppDelegate.swift in Sources */ = {isa = PBXBuildFile; fileRef = D254C7CC238BA81100E4B7E1 /* AppDelegate.swift */; };
		D254C7CF238BA81100E4B7E1 /* SceneDelegate.swift in Sources */ = {isa = PBXBuildFile; fileRef = D254C7CE238BA81100E4B7E1 /* SceneDelegate.swift */; };
		D254C7D1238BA81100E4B7E1 /* TabBarView.swift in Sources */ = {isa = PBXBuildFile; fileRef = D254C7D0238BA81100E4B7E1 /* TabBarView.swift */; };
		D254C7D3238BA81600E4B7E1 /* Assets.xcassets in Resources */ = {isa = PBXBuildFile; fileRef = D254C7D2238BA81600E4B7E1 /* Assets.xcassets */; };
		D254C7D6238BA81600E4B7E1 /* Preview Assets.xcassets in Resources */ = {isa = PBXBuildFile; fileRef = D254C7D5238BA81600E4B7E1 /* Preview Assets.xcassets */; };
		D254C7D9238BA81600E4B7E1 /* LaunchScreen.storyboard in Resources */ = {isa = PBXBuildFile; fileRef = D254C7D7238BA81600E4B7E1 /* LaunchScreen.storyboard */; };
		D254C7DE238BA81600E4B7E1 /* SpentAll Expense Tracker WatchKit App.app in Embed Watch Content */ = {isa = PBXBuildFile; fileRef = D254C7DD238BA81600E4B7E1 /* SpentAll Expense Tracker WatchKit App.app */; settings = {ATTRIBUTES = (RemoveHeadersOnCopy, ); }; };
		D254C7E4238BA81600E4B7E1 /* Interface.storyboard in Resources */ = {isa = PBXBuildFile; fileRef = D254C7E2238BA81600E4B7E1 /* Interface.storyboard */; };
		D254C7E6238BA81800E4B7E1 /* Assets.xcassets in Resources */ = {isa = PBXBuildFile; fileRef = D254C7E5238BA81800E4B7E1 /* Assets.xcassets */; };
		D254C7ED238BA81800E4B7E1 /* SpentAll Expense Tracker WatchKit Extension.appex in Embed App Extensions */ = {isa = PBXBuildFile; fileRef = D254C7EC238BA81800E4B7E1 /* SpentAll Expense Tracker WatchKit Extension.appex */; settings = {ATTRIBUTES = (RemoveHeadersOnCopy, ); }; };
		D254C7F2238BA81800E4B7E1 /* ContentView.swift in Sources */ = {isa = PBXBuildFile; fileRef = D254C7F1238BA81800E4B7E1 /* ContentView.swift */; };
		D254C7F4238BA81800E4B7E1 /* HostingController.swift in Sources */ = {isa = PBXBuildFile; fileRef = D254C7F3238BA81800E4B7E1 /* HostingController.swift */; };
		D254C7F6238BA81800E4B7E1 /* ExtensionDelegate.swift in Sources */ = {isa = PBXBuildFile; fileRef = D254C7F5238BA81800E4B7E1 /* ExtensionDelegate.swift */; };
		D254C7F8238BA81800E4B7E1 /* NotificationController.swift in Sources */ = {isa = PBXBuildFile; fileRef = D254C7F7238BA81800E4B7E1 /* NotificationController.swift */; };
		D254C7FA238BA81800E4B7E1 /* NotificationView.swift in Sources */ = {isa = PBXBuildFile; fileRef = D254C7F9238BA81800E4B7E1 /* NotificationView.swift */; };
		D254C7FC238BA81900E4B7E1 /* Assets.xcassets in Resources */ = {isa = PBXBuildFile; fileRef = D254C7FB238BA81900E4B7E1 /* Assets.xcassets */; };
		D254C7FF238BA81900E4B7E1 /* Preview Assets.xcassets in Resources */ = {isa = PBXBuildFile; fileRef = D254C7FE238BA81900E4B7E1 /* Preview Assets.xcassets */; };
		D254C811238BBBF500E4B7E1 /* ExpenseModel.swift in Sources */ = {isa = PBXBuildFile; fileRef = D254C810238BBBF500E4B7E1 /* ExpenseModel.swift */; };
		D254C813238BBE5F00E4B7E1 /* EnvironmentData.swift in Sources */ = {isa = PBXBuildFile; fileRef = D254C812238BBE5F00E4B7E1 /* EnvironmentData.swift */; };
		D254C816238BD13800E4B7E1 /* CustomInput.swift in Sources */ = {isa = PBXBuildFile; fileRef = D254C815238BD13800E4B7E1 /* CustomInput.swift */; };
		D254C818238BD40700E4B7E1 /* Extensions.swift in Sources */ = {isa = PBXBuildFile; fileRef = D254C817238BD40700E4B7E1 /* Extensions.swift */; };
		D254C81A238BDB8700E4B7E1 /* Home.swift in Sources */ = {isa = PBXBuildFile; fileRef = D254C819238BDB8700E4B7E1 /* Home.swift */; };
		D254C81D238CD6C500E4B7E1 /* Constants.swift in Sources */ = {isa = PBXBuildFile; fileRef = D254C81C238CD6C500E4B7E1 /* Constants.swift */; };
		D254C81F238CE00600E4B7E1 /* Analytics.swift in Sources */ = {isa = PBXBuildFile; fileRef = D254C81E238CE00600E4B7E1 /* Analytics.swift */; };
		D254C821238CE06300E4B7E1 /* List.swift in Sources */ = {isa = PBXBuildFile; fileRef = D254C820238CE06300E4B7E1 /* List.swift */; };
		D254C823238CE07800E4B7E1 /* Settings.swift in Sources */ = {isa = PBXBuildFile; fileRef = D254C822238CE07800E4B7E1 /* Settings.swift */; };
		D254C825238CF72B00E4B7E1 /* Ring.swift in Sources */ = {isa = PBXBuildFile; fileRef = D254C824238CF72B00E4B7E1 /* Ring.swift */; };
		D254C827238D078900E4B7E1 /* CustomButton.swift in Sources */ = {isa = PBXBuildFile; fileRef = D254C826238D078900E4B7E1 /* CustomButton.swift */; };
		D263EB9E2390FABB00935CB6 /* ContactUs.swift in Sources */ = {isa = PBXBuildFile; fileRef = D263EB9D2390FABB00935CB6 /* ContactUs.swift */; };
		D2CB1B362396485A002A1DCB /* EndPointType.swift in Sources */ = {isa = PBXBuildFile; fileRef = D2CB1B352396485A002A1DCB /* EndPointType.swift */; };
		D2CB1B382396495A002A1DCB /* HTTPMethod.swift in Sources */ = {isa = PBXBuildFile; fileRef = D2CB1B372396495A002A1DCB /* HTTPMethod.swift */; };
		D2CB1B3A239649BD002A1DCB /* HTTPTask.swift in Sources */ = {isa = PBXBuildFile; fileRef = D2CB1B39239649BD002A1DCB /* HTTPTask.swift */; };
		D2CB1B3D23964A75002A1DCB /* ParameterEncoding.swift in Sources */ = {isa = PBXBuildFile; fileRef = D2CB1B3C23964A75002A1DCB /* ParameterEncoding.swift */; };
		D2CB1B3F23964B70002A1DCB /* NetworkError.swift in Sources */ = {isa = PBXBuildFile; fileRef = D2CB1B3E23964B70002A1DCB /* NetworkError.swift */; };
		D2CB1B4123964BCD002A1DCB /* URLParameterEncoder.swift in Sources */ = {isa = PBXBuildFile; fileRef = D2CB1B4023964BCD002A1DCB /* URLParameterEncoder.swift */; };
		D2CB1B4323964E4A002A1DCB /* JSONParameterEncoder.swift in Sources */ = {isa = PBXBuildFile; fileRef = D2CB1B4223964E4A002A1DCB /* JSONParameterEncoder.swift */; };
		D2CB1B4523964F26002A1DCB /* NetworkRouter.swift in Sources */ = {isa = PBXBuildFile; fileRef = D2CB1B4423964F26002A1DCB /* NetworkRouter.swift */; };
		D2CB1B472396503B002A1DCB /* Router.swift in Sources */ = {isa = PBXBuildFile; fileRef = D2CB1B462396503B002A1DCB /* Router.swift */; };
		D2CB1B4A239655D0002A1DCB /* SpentAllEndPoint.swift in Sources */ = {isa = PBXBuildFile; fileRef = D2CB1B49239655D0002A1DCB /* SpentAllEndPoint.swift */; };
		D2CB1B4D23975120002A1DCB /* NetworkManager.swift in Sources */ = {isa = PBXBuildFile; fileRef = D2CB1B4C23975120002A1DCB /* NetworkManager.swift */; };
		D2CB1B5123978E75002A1DCB /* APIErrorModel.swift in Sources */ = {isa = PBXBuildFile; fileRef = D2CB1B5023978E75002A1DCB /* APIErrorModel.swift */; };
		D2CB1B532397A3C3002A1DCB /* CustomAlertModel.swift in Sources */ = {isa = PBXBuildFile; fileRef = D2CB1B522397A3C3002A1DCB /* CustomAlertModel.swift */; };
		D2DC725723950AC3008C0AF3 /* WelcomeInfo.swift in Sources */ = {isa = PBXBuildFile; fileRef = D2DC725623950AC3008C0AF3 /* WelcomeInfo.swift */; };
		D2FC1DD92390BEFB00EB3F14 /* ViewModifiers.swift in Sources */ = {isa = PBXBuildFile; fileRef = D2FC1DD82390BEFB00EB3F14 /* ViewModifiers.swift */; };
/* End PBXBuildFile section */

/* Begin PBXContainerItemProxy section */
		D254C7DF238BA81600E4B7E1 /* PBXContainerItemProxy */ = {
			isa = PBXContainerItemProxy;
			containerPortal = D254C7C1238BA81100E4B7E1 /* Project object */;
			proxyType = 1;
			remoteGlobalIDString = D254C7DC238BA81600E4B7E1;
			remoteInfo = "SpentAll Expense Tracker WatchKit App";
		};
		D254C7EE238BA81800E4B7E1 /* PBXContainerItemProxy */ = {
			isa = PBXContainerItemProxy;
			containerPortal = D254C7C1238BA81100E4B7E1 /* Project object */;
			proxyType = 1;
			remoteGlobalIDString = D254C7EB238BA81800E4B7E1;
			remoteInfo = "SpentAll Expense Tracker WatchKit Extension";
		};
/* End PBXContainerItemProxy section */

/* Begin PBXCopyFilesBuildPhase section */
		D254C807238BA81900E4B7E1 /* Embed App Extensions */ = {
			isa = PBXCopyFilesBuildPhase;
			buildActionMask = 2147483647;
			dstPath = "";
			dstSubfolderSpec = 13;
			files = (
				D254C7ED238BA81800E4B7E1 /* SpentAll Expense Tracker WatchKit Extension.appex in Embed App Extensions */,
			);
			name = "Embed App Extensions";
			runOnlyForDeploymentPostprocessing = 0;
		};
		D254C80B238BA81900E4B7E1 /* Embed Watch Content */ = {
			isa = PBXCopyFilesBuildPhase;
			buildActionMask = 2147483647;
			dstPath = "$(CONTENTS_FOLDER_PATH)/Watch";
			dstSubfolderSpec = 16;
			files = (
				D254C7DE238BA81600E4B7E1 /* SpentAll Expense Tracker WatchKit App.app in Embed Watch Content */,
			);
			name = "Embed Watch Content";
			runOnlyForDeploymentPostprocessing = 0;
		};
/* End PBXCopyFilesBuildPhase section */

/* Begin PBXFileReference section */
		D22D790E238E457400329437 /* UserSettingsModel.swift */ = {isa = PBXFileReference; lastKnownFileType = sourcecode.swift; path = UserSettingsModel.swift; sourceTree = "<group>"; };
		D22D7910238E4D8F00329437 /* SignIn.swift */ = {isa = PBXFileReference; lastKnownFileType = sourcecode.swift; path = SignIn.swift; sourceTree = "<group>"; };
		D22D7912238E504D00329437 /* Welcome.swift */ = {isa = PBXFileReference; lastKnownFileType = sourcecode.swift; path = Welcome.swift; sourceTree = "<group>"; };
		D22D791A238E7AF800329437 /* Karla-Regular.ttf */ = {isa = PBXFileReference; lastKnownFileType = file; path = "Karla-Regular.ttf"; sourceTree = "<group>"; };
		D22D791B238E7AF800329437 /* Rubik-Regular.ttf */ = {isa = PBXFileReference; lastKnownFileType = file; path = "Rubik-Regular.ttf"; sourceTree = "<group>"; };
		D23FD749238FD5400066C1E1 /* SignUp.swift */ = {isa = PBXFileReference; lastKnownFileType = sourcecode.swift; path = SignUp.swift; sourceTree = "<group>"; };
		D254C7C9238BA81100E4B7E1 /* SpentAll.app */ = {isa = PBXFileReference; explicitFileType = wrapper.application; includeInIndex = 0; path = SpentAll.app; sourceTree = BUILT_PRODUCTS_DIR; };
		D254C7CC238BA81100E4B7E1 /* AppDelegate.swift */ = {isa = PBXFileReference; lastKnownFileType = sourcecode.swift; path = AppDelegate.swift; sourceTree = "<group>"; };
		D254C7CE238BA81100E4B7E1 /* SceneDelegate.swift */ = {isa = PBXFileReference; lastKnownFileType = sourcecode.swift; path = SceneDelegate.swift; sourceTree = "<group>"; };
		D254C7D0238BA81100E4B7E1 /* TabBarView.swift */ = {isa = PBXFileReference; lastKnownFileType = sourcecode.swift; path = TabBarView.swift; sourceTree = "<group>"; };
		D254C7D2238BA81600E4B7E1 /* Assets.xcassets */ = {isa = PBXFileReference; lastKnownFileType = folder.assetcatalog; path = Assets.xcassets; sourceTree = "<group>"; };
		D254C7D5238BA81600E4B7E1 /* Preview Assets.xcassets */ = {isa = PBXFileReference; lastKnownFileType = folder.assetcatalog; path = "Preview Assets.xcassets"; sourceTree = "<group>"; };
		D254C7D8238BA81600E4B7E1 /* Base */ = {isa = PBXFileReference; lastKnownFileType = file.storyboard; name = Base; path = Base.lproj/LaunchScreen.storyboard; sourceTree = "<group>"; };
		D254C7DA238BA81600E4B7E1 /* Info.plist */ = {isa = PBXFileReference; lastKnownFileType = text.plist.xml; path = Info.plist; sourceTree = "<group>"; };
		D254C7DD238BA81600E4B7E1 /* SpentAll Expense Tracker WatchKit App.app */ = {isa = PBXFileReference; explicitFileType = wrapper.application; includeInIndex = 0; path = "SpentAll Expense Tracker WatchKit App.app"; sourceTree = BUILT_PRODUCTS_DIR; };
		D254C7E3238BA81600E4B7E1 /* Base */ = {isa = PBXFileReference; lastKnownFileType = file.storyboard; name = Base; path = Base.lproj/Interface.storyboard; sourceTree = "<group>"; };
		D254C7E5238BA81800E4B7E1 /* Assets.xcassets */ = {isa = PBXFileReference; lastKnownFileType = folder.assetcatalog; path = Assets.xcassets; sourceTree = "<group>"; };
		D254C7E7238BA81800E4B7E1 /* Info.plist */ = {isa = PBXFileReference; lastKnownFileType = text.plist.xml; path = Info.plist; sourceTree = "<group>"; };
		D254C7EC238BA81800E4B7E1 /* SpentAll Expense Tracker WatchKit Extension.appex */ = {isa = PBXFileReference; explicitFileType = "wrapper.app-extension"; includeInIndex = 0; path = "SpentAll Expense Tracker WatchKit Extension.appex"; sourceTree = BUILT_PRODUCTS_DIR; };
		D254C7F1238BA81800E4B7E1 /* ContentView.swift */ = {isa = PBXFileReference; lastKnownFileType = sourcecode.swift; path = ContentView.swift; sourceTree = "<group>"; };
		D254C7F3238BA81800E4B7E1 /* HostingController.swift */ = {isa = PBXFileReference; lastKnownFileType = sourcecode.swift; path = HostingController.swift; sourceTree = "<group>"; };
		D254C7F5238BA81800E4B7E1 /* ExtensionDelegate.swift */ = {isa = PBXFileReference; lastKnownFileType = sourcecode.swift; path = ExtensionDelegate.swift; sourceTree = "<group>"; };
		D254C7F7238BA81800E4B7E1 /* NotificationController.swift */ = {isa = PBXFileReference; lastKnownFileType = sourcecode.swift; path = NotificationController.swift; sourceTree = "<group>"; };
		D254C7F9238BA81800E4B7E1 /* NotificationView.swift */ = {isa = PBXFileReference; lastKnownFileType = sourcecode.swift; path = NotificationView.swift; sourceTree = "<group>"; };
		D254C7FB238BA81900E4B7E1 /* Assets.xcassets */ = {isa = PBXFileReference; lastKnownFileType = folder.assetcatalog; path = Assets.xcassets; sourceTree = "<group>"; };
		D254C7FE238BA81900E4B7E1 /* Preview Assets.xcassets */ = {isa = PBXFileReference; lastKnownFileType = folder.assetcatalog; path = "Preview Assets.xcassets"; sourceTree = "<group>"; };
		D254C800238BA81900E4B7E1 /* Info.plist */ = {isa = PBXFileReference; lastKnownFileType = text.plist.xml; path = Info.plist; sourceTree = "<group>"; };
		D254C801238BA81900E4B7E1 /* PushNotificationPayload.apns */ = {isa = PBXFileReference; lastKnownFileType = text; path = PushNotificationPayload.apns; sourceTree = "<group>"; };
		D254C810238BBBF500E4B7E1 /* ExpenseModel.swift */ = {isa = PBXFileReference; lastKnownFileType = sourcecode.swift; path = ExpenseModel.swift; sourceTree = "<group>"; };
		D254C812238BBE5F00E4B7E1 /* EnvironmentData.swift */ = {isa = PBXFileReference; lastKnownFileType = sourcecode.swift; path = EnvironmentData.swift; sourceTree = "<group>"; };
		D254C815238BD13800E4B7E1 /* CustomInput.swift */ = {isa = PBXFileReference; lastKnownFileType = sourcecode.swift; path = CustomInput.swift; sourceTree = "<group>"; };
		D254C817238BD40700E4B7E1 /* Extensions.swift */ = {isa = PBXFileReference; lastKnownFileType = sourcecode.swift; path = Extensions.swift; sourceTree = "<group>"; };
		D254C819238BDB8700E4B7E1 /* Home.swift */ = {isa = PBXFileReference; lastKnownFileType = sourcecode.swift; path = Home.swift; sourceTree = "<group>"; };
		D254C81C238CD6C500E4B7E1 /* Constants.swift */ = {isa = PBXFileReference; lastKnownFileType = sourcecode.swift; path = Constants.swift; sourceTree = "<group>"; };
		D254C81E238CE00600E4B7E1 /* Analytics.swift */ = {isa = PBXFileReference; lastKnownFileType = sourcecode.swift; path = Analytics.swift; sourceTree = "<group>"; };
		D254C820238CE06300E4B7E1 /* List.swift */ = {isa = PBXFileReference; lastKnownFileType = sourcecode.swift; path = List.swift; sourceTree = "<group>"; };
		D254C822238CE07800E4B7E1 /* Settings.swift */ = {isa = PBXFileReference; lastKnownFileType = sourcecode.swift; path = Settings.swift; sourceTree = "<group>"; };
		D254C824238CF72B00E4B7E1 /* Ring.swift */ = {isa = PBXFileReference; lastKnownFileType = sourcecode.swift; path = Ring.swift; sourceTree = "<group>"; };
		D254C826238D078900E4B7E1 /* CustomButton.swift */ = {isa = PBXFileReference; lastKnownFileType = sourcecode.swift; path = CustomButton.swift; sourceTree = "<group>"; };
		D263EB9D2390FABB00935CB6 /* ContactUs.swift */ = {isa = PBXFileReference; lastKnownFileType = sourcecode.swift; path = ContactUs.swift; sourceTree = "<group>"; };
		D2CB1B352396485A002A1DCB /* EndPointType.swift */ = {isa = PBXFileReference; lastKnownFileType = sourcecode.swift; path = EndPointType.swift; sourceTree = "<group>"; };
		D2CB1B372396495A002A1DCB /* HTTPMethod.swift */ = {isa = PBXFileReference; lastKnownFileType = sourcecode.swift; path = HTTPMethod.swift; sourceTree = "<group>"; };
		D2CB1B39239649BD002A1DCB /* HTTPTask.swift */ = {isa = PBXFileReference; lastKnownFileType = sourcecode.swift; path = HTTPTask.swift; sourceTree = "<group>"; };
		D2CB1B3C23964A75002A1DCB /* ParameterEncoding.swift */ = {isa = PBXFileReference; lastKnownFileType = sourcecode.swift; path = ParameterEncoding.swift; sourceTree = "<group>"; };
		D2CB1B3E23964B70002A1DCB /* NetworkError.swift */ = {isa = PBXFileReference; lastKnownFileType = sourcecode.swift; path = NetworkError.swift; sourceTree = "<group>"; };
		D2CB1B4023964BCD002A1DCB /* URLParameterEncoder.swift */ = {isa = PBXFileReference; lastKnownFileType = sourcecode.swift; path = URLParameterEncoder.swift; sourceTree = "<group>"; };
		D2CB1B4223964E4A002A1DCB /* JSONParameterEncoder.swift */ = {isa = PBXFileReference; lastKnownFileType = sourcecode.swift; path = JSONParameterEncoder.swift; sourceTree = "<group>"; };
		D2CB1B4423964F26002A1DCB /* NetworkRouter.swift */ = {isa = PBXFileReference; lastKnownFileType = sourcecode.swift; path = NetworkRouter.swift; sourceTree = "<group>"; };
		D2CB1B462396503B002A1DCB /* Router.swift */ = {isa = PBXFileReference; lastKnownFileType = sourcecode.swift; path = Router.swift; sourceTree = "<group>"; };
		D2CB1B49239655D0002A1DCB /* SpentAllEndPoint.swift */ = {isa = PBXFileReference; lastKnownFileType = sourcecode.swift; path = SpentAllEndPoint.swift; sourceTree = "<group>"; };
		D2CB1B4C23975120002A1DCB /* NetworkManager.swift */ = {isa = PBXFileReference; lastKnownFileType = sourcecode.swift; path = NetworkManager.swift; sourceTree = "<group>"; };
		D2CB1B5023978E75002A1DCB /* APIErrorModel.swift */ = {isa = PBXFileReference; lastKnownFileType = sourcecode.swift; path = APIErrorModel.swift; sourceTree = "<group>"; };
		D2CB1B522397A3C3002A1DCB /* CustomAlertModel.swift */ = {isa = PBXFileReference; lastKnownFileType = sourcecode.swift; path = CustomAlertModel.swift; sourceTree = "<group>"; };
		D2DC725623950AC3008C0AF3 /* WelcomeInfo.swift */ = {isa = PBXFileReference; lastKnownFileType = sourcecode.swift; path = WelcomeInfo.swift; sourceTree = "<group>"; };
		D2FC1DD82390BEFB00EB3F14 /* ViewModifiers.swift */ = {isa = PBXFileReference; lastKnownFileType = sourcecode.swift; path = ViewModifiers.swift; sourceTree = "<group>"; };
/* End PBXFileReference section */

/* Begin PBXFrameworksBuildPhase section */
		D254C7C6238BA81100E4B7E1 /* Frameworks */ = {
			isa = PBXFrameworksBuildPhase;
			buildActionMask = 2147483647;
			files = (
			);
			runOnlyForDeploymentPostprocessing = 0;
		};
		D254C7E9238BA81800E4B7E1 /* Frameworks */ = {
			isa = PBXFrameworksBuildPhase;
			buildActionMask = 2147483647;
			files = (
			);
			runOnlyForDeploymentPostprocessing = 0;
		};
/* End PBXFrameworksBuildPhase section */

/* Begin PBXGroup section */
		D22D78FC238D3F7300329437 /* Helpers */ = {
			isa = PBXGroup;
			children = (
				D254C81C238CD6C500E4B7E1 /* Constants.swift */,
				D254C817238BD40700E4B7E1 /* Extensions.swift */,
				D2FC1DD82390BEFB00EB3F14 /* ViewModifiers.swift */,
			);
			path = Helpers;
			sourceTree = "<group>";
		};
		D22D7914238E6AC800329437 /* Fonts */ = {
			isa = PBXGroup;
			children = (
				D22D791A238E7AF800329437 /* Karla-Regular.ttf */,
				D22D791B238E7AF800329437 /* Rubik-Regular.ttf */,
			);
			path = Fonts;
			sourceTree = "<group>";
		};
		D22D7917238E6B2900329437 /* Launch */ = {
			isa = PBXGroup;
			children = (
				D254C7CC238BA81100E4B7E1 /* AppDelegate.swift */,
				D254C7CE238BA81100E4B7E1 /* SceneDelegate.swift */,
			);
			path = Launch;
			sourceTree = "<group>";
		};
		D254C7C0238BA81100E4B7E1 = {
			isa = PBXGroup;
			children = (
				D254C7CB238BA81100E4B7E1 /* SpentAll Expense Tracker */,
				D254C7E1238BA81600E4B7E1 /* SpentAll Expense Tracker WatchKit App */,
				D254C7F0238BA81800E4B7E1 /* SpentAll Expense Tracker WatchKit Extension */,
				D254C7CA238BA81100E4B7E1 /* Products */,
			);
			sourceTree = "<group>";
		};
		D254C7CA238BA81100E4B7E1 /* Products */ = {
			isa = PBXGroup;
			children = (
				D254C7C9238BA81100E4B7E1 /* SpentAll.app */,
				D254C7DD238BA81600E4B7E1 /* SpentAll Expense Tracker WatchKit App.app */,
				D254C7EC238BA81800E4B7E1 /* SpentAll Expense Tracker WatchKit Extension.appex */,
			);
			name = Products;
			sourceTree = "<group>";
		};
		D254C7CB238BA81100E4B7E1 /* SpentAll Expense Tracker */ = {
			isa = PBXGroup;
			children = (
				D2CB1B33239647E8002A1DCB /* Network */,
				D22D7917238E6B2900329437 /* Launch */,
				D22D7914238E6AC800329437 /* Fonts */,
				D22D78FC238D3F7300329437 /* Helpers */,
				D254C81B238CD63300E4B7E1 /* Supporting Views */,
				D254C814238BD10900E4B7E1 /* Views */,
				D254C80F238BBBD000E4B7E1 /* Models */,
				D254C7D2238BA81600E4B7E1 /* Assets.xcassets */,
				D254C7D7238BA81600E4B7E1 /* LaunchScreen.storyboard */,
				D254C7DA238BA81600E4B7E1 /* Info.plist */,
				D254C7D4238BA81600E4B7E1 /* Preview Content */,
			);
			path = "SpentAll Expense Tracker";
			sourceTree = "<group>";
		};
		D254C7D4238BA81600E4B7E1 /* Preview Content */ = {
			isa = PBXGroup;
			children = (
				D254C7D5238BA81600E4B7E1 /* Preview Assets.xcassets */,
			);
			path = "Preview Content";
			sourceTree = "<group>";
		};
		D254C7E1238BA81600E4B7E1 /* SpentAll Expense Tracker WatchKit App */ = {
			isa = PBXGroup;
			children = (
				D254C7E2238BA81600E4B7E1 /* Interface.storyboard */,
				D254C7E5238BA81800E4B7E1 /* Assets.xcassets */,
				D254C7E7238BA81800E4B7E1 /* Info.plist */,
			);
			path = "SpentAll Expense Tracker WatchKit App";
			sourceTree = "<group>";
		};
		D254C7F0238BA81800E4B7E1 /* SpentAll Expense Tracker WatchKit Extension */ = {
			isa = PBXGroup;
			children = (
				D254C7F1238BA81800E4B7E1 /* ContentView.swift */,
				D254C7F3238BA81800E4B7E1 /* HostingController.swift */,
				D254C7F5238BA81800E4B7E1 /* ExtensionDelegate.swift */,
				D254C7F7238BA81800E4B7E1 /* NotificationController.swift */,
				D254C7F9238BA81800E4B7E1 /* NotificationView.swift */,
				D254C7FB238BA81900E4B7E1 /* Assets.xcassets */,
				D254C800238BA81900E4B7E1 /* Info.plist */,
				D254C801238BA81900E4B7E1 /* PushNotificationPayload.apns */,
				D254C7FD238BA81900E4B7E1 /* Preview Content */,
			);
			path = "SpentAll Expense Tracker WatchKit Extension";
			sourceTree = "<group>";
		};
		D254C7FD238BA81900E4B7E1 /* Preview Content */ = {
			isa = PBXGroup;
			children = (
				D254C7FE238BA81900E4B7E1 /* Preview Assets.xcassets */,
			);
			path = "Preview Content";
			sourceTree = "<group>";
		};
		D254C80F238BBBD000E4B7E1 /* Models */ = {
			isa = PBXGroup;
			children = (
				D254C810238BBBF500E4B7E1 /* ExpenseModel.swift */,
				D254C812238BBE5F00E4B7E1 /* EnvironmentData.swift */,
				D22D790E238E457400329437 /* UserSettingsModel.swift */,
				D2CB1B5023978E75002A1DCB /* APIErrorModel.swift */,
				D2CB1B522397A3C3002A1DCB /* CustomAlertModel.swift */,
			);
			path = Models;
			sourceTree = "<group>";
		};
		D254C814238BD10900E4B7E1 /* Views */ = {
			isa = PBXGroup;
			children = (
				D254C819238BDB8700E4B7E1 /* Home.swift */,
				D254C81E238CE00600E4B7E1 /* Analytics.swift */,
				D254C820238CE06300E4B7E1 /* List.swift */,
				D254C822238CE07800E4B7E1 /* Settings.swift */,
				D22D7910238E4D8F00329437 /* SignIn.swift */,
				D22D7912238E504D00329437 /* Welcome.swift */,
				D254C7D0238BA81100E4B7E1 /* TabBarView.swift */,
				D23FD749238FD5400066C1E1 /* SignUp.swift */,
				D263EB9D2390FABB00935CB6 /* ContactUs.swift */,
				D2DC725623950AC3008C0AF3 /* WelcomeInfo.swift */,
			);
			path = Views;
			sourceTree = "<group>";
		};
		D254C81B238CD63300E4B7E1 /* Supporting Views */ = {
			isa = PBXGroup;
			children = (
				D254C815238BD13800E4B7E1 /* CustomInput.swift */,
				D254C824238CF72B00E4B7E1 /* Ring.swift */,
				D254C826238D078900E4B7E1 /* CustomButton.swift */,
			);
			path = "Supporting Views";
			sourceTree = "<group>";
		};
		D2CB1B33239647E8002A1DCB /* Network */ = {
			isa = PBXGroup;
			children = (
				D2CB1B4B23975111002A1DCB /* Manager */,
				D2CB1B48239655B1002A1DCB /* EndPoint */,
				D2CB1B3B23964A69002A1DCB /* Encoding */,
				D2CB1B3423964841002A1DCB /* Service */,
			);
			path = Network;
			sourceTree = "<group>";
		};
		D2CB1B3423964841002A1DCB /* Service */ = {
			isa = PBXGroup;
			children = (
				D2CB1B3E23964B70002A1DCB /* NetworkError.swift */,
				D2CB1B352396485A002A1DCB /* EndPointType.swift */,
				D2CB1B372396495A002A1DCB /* HTTPMethod.swift */,
				D2CB1B39239649BD002A1DCB /* HTTPTask.swift */,
				D2CB1B4423964F26002A1DCB /* NetworkRouter.swift */,
				D2CB1B462396503B002A1DCB /* Router.swift */,
			);
			path = Service;
			sourceTree = "<group>";
		};
		D2CB1B3B23964A69002A1DCB /* Encoding */ = {
			isa = PBXGroup;
			children = (
				D2CB1B3C23964A75002A1DCB /* ParameterEncoding.swift */,
				D2CB1B4023964BCD002A1DCB /* URLParameterEncoder.swift */,
				D2CB1B4223964E4A002A1DCB /* JSONParameterEncoder.swift */,
			);
			path = Encoding;
			sourceTree = "<group>";
		};
		D2CB1B48239655B1002A1DCB /* EndPoint */ = {
			isa = PBXGroup;
			children = (
				D2CB1B49239655D0002A1DCB /* SpentAllEndPoint.swift */,
			);
			path = EndPoint;
			sourceTree = "<group>";
		};
		D2CB1B4B23975111002A1DCB /* Manager */ = {
			isa = PBXGroup;
			children = (
				D2CB1B4C23975120002A1DCB /* NetworkManager.swift */,
			);
			path = Manager;
			sourceTree = "<group>";
		};
/* End PBXGroup section */

/* Begin PBXNativeTarget section */
		D254C7C8238BA81100E4B7E1 /* SpentAll Expense Tracker */ = {
			isa = PBXNativeTarget;
			buildConfigurationList = D254C80C238BA81900E4B7E1 /* Build configuration list for PBXNativeTarget "SpentAll Expense Tracker" */;
			buildPhases = (
				D254C7C5238BA81100E4B7E1 /* Sources */,
				D254C7C6238BA81100E4B7E1 /* Frameworks */,
				D254C7C7238BA81100E4B7E1 /* Resources */,
				D254C80B238BA81900E4B7E1 /* Embed Watch Content */,
			);
			buildRules = (
			);
			dependencies = (
				D254C7E0238BA81600E4B7E1 /* PBXTargetDependency */,
			);
			name = "SpentAll Expense Tracker";
			productName = "SpentAll Expense Tracker";
			productReference = D254C7C9238BA81100E4B7E1 /* SpentAll.app */;
			productType = "com.apple.product-type.application";
		};
		D254C7DC238BA81600E4B7E1 /* SpentAll Expense Tracker WatchKit App */ = {
			isa = PBXNativeTarget;
			buildConfigurationList = D254C808238BA81900E4B7E1 /* Build configuration list for PBXNativeTarget "SpentAll Expense Tracker WatchKit App" */;
			buildPhases = (
				D254C7DB238BA81600E4B7E1 /* Resources */,
				D254C807238BA81900E4B7E1 /* Embed App Extensions */,
			);
			buildRules = (
			);
			dependencies = (
				D254C7EF238BA81800E4B7E1 /* PBXTargetDependency */,
			);
			name = "SpentAll Expense Tracker WatchKit App";
			productName = "SpentAll Expense Tracker WatchKit App";
			productReference = D254C7DD238BA81600E4B7E1 /* SpentAll Expense Tracker WatchKit App.app */;
			productType = "com.apple.product-type.application.watchapp2";
		};
		D254C7EB238BA81800E4B7E1 /* SpentAll Expense Tracker WatchKit Extension */ = {
			isa = PBXNativeTarget;
			buildConfigurationList = D254C804238BA81900E4B7E1 /* Build configuration list for PBXNativeTarget "SpentAll Expense Tracker WatchKit Extension" */;
			buildPhases = (
				D254C7E8238BA81800E4B7E1 /* Sources */,
				D254C7E9238BA81800E4B7E1 /* Frameworks */,
				D254C7EA238BA81800E4B7E1 /* Resources */,
			);
			buildRules = (
			);
			dependencies = (
			);
			name = "SpentAll Expense Tracker WatchKit Extension";
			productName = "SpentAll Expense Tracker WatchKit Extension";
			productReference = D254C7EC238BA81800E4B7E1 /* SpentAll Expense Tracker WatchKit Extension.appex */;
			productType = "com.apple.product-type.watchkit2-extension";
		};
/* End PBXNativeTarget section */

/* Begin PBXProject section */
		D254C7C1238BA81100E4B7E1 /* Project object */ = {
			isa = PBXProject;
			attributes = {
				LastSwiftUpdateCheck = 1120;
				LastUpgradeCheck = 1120;
				ORGANIZATIONNAME = "Brian MacPherson";
				TargetAttributes = {
					D254C7C8238BA81100E4B7E1 = {
						CreatedOnToolsVersion = 11.2;
					};
					D254C7DC238BA81600E4B7E1 = {
						CreatedOnToolsVersion = 11.2;
					};
					D254C7EB238BA81800E4B7E1 = {
						CreatedOnToolsVersion = 11.2;
					};
				};
			};
			buildConfigurationList = D254C7C4238BA81100E4B7E1 /* Build configuration list for PBXProject "SpentAll Expense Tracker" */;
			compatibilityVersion = "Xcode 9.3";
			developmentRegion = en;
			hasScannedForEncodings = 0;
			knownRegions = (
				en,
				Base,
			);
			mainGroup = D254C7C0238BA81100E4B7E1;
			productRefGroup = D254C7CA238BA81100E4B7E1 /* Products */;
			projectDirPath = "";
			projectRoot = "";
			targets = (
				D254C7C8238BA81100E4B7E1 /* SpentAll Expense Tracker */,
				D254C7DC238BA81600E4B7E1 /* SpentAll Expense Tracker WatchKit App */,
				D254C7EB238BA81800E4B7E1 /* SpentAll Expense Tracker WatchKit Extension */,
			);
		};
/* End PBXProject section */

/* Begin PBXResourcesBuildPhase section */
		D254C7C7238BA81100E4B7E1 /* Resources */ = {
			isa = PBXResourcesBuildPhase;
			buildActionMask = 2147483647;
			files = (
				D254C7D9238BA81600E4B7E1 /* LaunchScreen.storyboard in Resources */,
				D254C7D6238BA81600E4B7E1 /* Preview Assets.xcassets in Resources */,
				D254C7D3238BA81600E4B7E1 /* Assets.xcassets in Resources */,
				D22D791F238E7AF800329437 /* Rubik-Regular.ttf in Resources */,
				D22D791C238E7AF800329437 /* Karla-Regular.ttf in Resources */,
			);
			runOnlyForDeploymentPostprocessing = 0;
		};
		D254C7DB238BA81600E4B7E1 /* Resources */ = {
			isa = PBXResourcesBuildPhase;
			buildActionMask = 2147483647;
			files = (
				D254C7E6238BA81800E4B7E1 /* Assets.xcassets in Resources */,
				D22D7920238E7AF800329437 /* Rubik-Regular.ttf in Resources */,
				D254C7E4238BA81600E4B7E1 /* Interface.storyboard in Resources */,
				D22D791D238E7AF800329437 /* Karla-Regular.ttf in Resources */,
			);
			runOnlyForDeploymentPostprocessing = 0;
		};
		D254C7EA238BA81800E4B7E1 /* Resources */ = {
			isa = PBXResourcesBuildPhase;
			buildActionMask = 2147483647;
			files = (
				D254C7FF238BA81900E4B7E1 /* Preview Assets.xcassets in Resources */,
				D22D7921238E7AF800329437 /* Rubik-Regular.ttf in Resources */,
				D254C7FC238BA81900E4B7E1 /* Assets.xcassets in Resources */,
				D22D791E238E7AF800329437 /* Karla-Regular.ttf in Resources */,
			);
			runOnlyForDeploymentPostprocessing = 0;
		};
/* End PBXResourcesBuildPhase section */

/* Begin PBXSourcesBuildPhase section */
		D254C7C5238BA81100E4B7E1 /* Sources */ = {
			isa = PBXSourcesBuildPhase;
			buildActionMask = 2147483647;
			files = (
				D254C816238BD13800E4B7E1 /* CustomInput.swift in Sources */,
				D254C7CD238BA81100E4B7E1 /* AppDelegate.swift in Sources */,
				D254C811238BBBF500E4B7E1 /* ExpenseModel.swift in Sources */,
				D254C81F238CE00600E4B7E1 /* Analytics.swift in Sources */,
				D254C7CF238BA81100E4B7E1 /* SceneDelegate.swift in Sources */,
				D2CB1B472396503B002A1DCB /* Router.swift in Sources */,
				D2CB1B5123978E75002A1DCB /* APIErrorModel.swift in Sources */,
				D254C813238BBE5F00E4B7E1 /* EnvironmentData.swift in Sources */,
				D254C823238CE07800E4B7E1 /* Settings.swift in Sources */,
				D22D7911238E4D8F00329437 /* SignIn.swift in Sources */,
				D2CB1B4123964BCD002A1DCB /* URLParameterEncoder.swift in Sources */,
				D254C827238D078900E4B7E1 /* CustomButton.swift in Sources */,
				D2CB1B532397A3C3002A1DCB /* CustomAlertModel.swift in Sources */,
				D2FC1DD92390BEFB00EB3F14 /* ViewModifiers.swift in Sources */,
				D254C825238CF72B00E4B7E1 /* Ring.swift in Sources */,
				D2CB1B4323964E4A002A1DCB /* JSONParameterEncoder.swift in Sources */,
				D254C821238CE06300E4B7E1 /* List.swift in Sources */,
				D2CB1B4D23975120002A1DCB /* NetworkManager.swift in Sources */,
				D2CB1B382396495A002A1DCB /* HTTPMethod.swift in Sources */,
				D254C81A238BDB8700E4B7E1 /* Home.swift in Sources */,
				D2CB1B4523964F26002A1DCB /* NetworkRouter.swift in Sources */,
				D254C7D1238BA81100E4B7E1 /* TabBarView.swift in Sources */,
				D263EB9E2390FABB00935CB6 /* ContactUs.swift in Sources */,
				D2CB1B4A239655D0002A1DCB /* SpentAllEndPoint.swift in Sources */,
				D2CB1B3A239649BD002A1DCB /* HTTPTask.swift in Sources */,
				D254C818238BD40700E4B7E1 /* Extensions.swift in Sources */,
				D2CB1B362396485A002A1DCB /* EndPointType.swift in Sources */,
				D2DC725723950AC3008C0AF3 /* WelcomeInfo.swift in Sources */,
				D22D790F238E457400329437 /* UserSettingsModel.swift in Sources */,
				D2CB1B3D23964A75002A1DCB /* ParameterEncoding.swift in Sources */,
				D2CB1B3F23964B70002A1DCB /* NetworkError.swift in Sources */,
				D22D7913238E504D00329437 /* Welcome.swift in Sources */,
				D254C81D238CD6C500E4B7E1 /* Constants.swift in Sources */,
				D23FD74A238FD5400066C1E1 /* SignUp.swift in Sources */,
			);
			runOnlyForDeploymentPostprocessing = 0;
		};
		D254C7E8238BA81800E4B7E1 /* Sources */ = {
			isa = PBXSourcesBuildPhase;
			buildActionMask = 2147483647;
			files = (
				D254C7F4238BA81800E4B7E1 /* HostingController.swift in Sources */,
				D254C7F2238BA81800E4B7E1 /* ContentView.swift in Sources */,
				D254C7F8238BA81800E4B7E1 /* NotificationController.swift in Sources */,
				D254C7F6238BA81800E4B7E1 /* ExtensionDelegate.swift in Sources */,
				D254C7FA238BA81800E4B7E1 /* NotificationView.swift in Sources */,
			);
			runOnlyForDeploymentPostprocessing = 0;
		};
/* End PBXSourcesBuildPhase section */

/* Begin PBXTargetDependency section */
		D254C7E0238BA81600E4B7E1 /* PBXTargetDependency */ = {
			isa = PBXTargetDependency;
			target = D254C7DC238BA81600E4B7E1 /* SpentAll Expense Tracker WatchKit App */;
			targetProxy = D254C7DF238BA81600E4B7E1 /* PBXContainerItemProxy */;
		};
		D254C7EF238BA81800E4B7E1 /* PBXTargetDependency */ = {
			isa = PBXTargetDependency;
			target = D254C7EB238BA81800E4B7E1 /* SpentAll Expense Tracker WatchKit Extension */;
			targetProxy = D254C7EE238BA81800E4B7E1 /* PBXContainerItemProxy */;
		};
/* End PBXTargetDependency section */

/* Begin PBXVariantGroup section */
		D254C7D7238BA81600E4B7E1 /* LaunchScreen.storyboard */ = {
			isa = PBXVariantGroup;
			children = (
				D254C7D8238BA81600E4B7E1 /* Base */,
			);
			name = LaunchScreen.storyboard;
			sourceTree = "<group>";
		};
		D254C7E2238BA81600E4B7E1 /* Interface.storyboard */ = {
			isa = PBXVariantGroup;
			children = (
				D254C7E3238BA81600E4B7E1 /* Base */,
			);
			name = Interface.storyboard;
			sourceTree = "<group>";
		};
/* End PBXVariantGroup section */

/* Begin XCBuildConfiguration section */
		D254C802238BA81900E4B7E1 /* Debug */ = {
			isa = XCBuildConfiguration;
			buildSettings = {
				ALWAYS_SEARCH_USER_PATHS = NO;
				CLANG_ANALYZER_NONNULL = YES;
				CLANG_ANALYZER_NUMBER_OBJECT_CONVERSION = YES_AGGRESSIVE;
				CLANG_CXX_LANGUAGE_STANDARD = "gnu++14";
				CLANG_CXX_LIBRARY = "libc++";
				CLANG_ENABLE_MODULES = YES;
				CLANG_ENABLE_OBJC_ARC = YES;
				CLANG_ENABLE_OBJC_WEAK = YES;
				CLANG_WARN_BLOCK_CAPTURE_AUTORELEASING = YES;
				CLANG_WARN_BOOL_CONVERSION = YES;
				CLANG_WARN_COMMA = YES;
				CLANG_WARN_CONSTANT_CONVERSION = YES;
				CLANG_WARN_DEPRECATED_OBJC_IMPLEMENTATIONS = YES;
				CLANG_WARN_DIRECT_OBJC_ISA_USAGE = YES_ERROR;
				CLANG_WARN_DOCUMENTATION_COMMENTS = YES;
				CLANG_WARN_EMPTY_BODY = YES;
				CLANG_WARN_ENUM_CONVERSION = YES;
				CLANG_WARN_INFINITE_RECURSION = YES;
				CLANG_WARN_INT_CONVERSION = YES;
				CLANG_WARN_NON_LITERAL_NULL_CONVERSION = YES;
				CLANG_WARN_OBJC_IMPLICIT_RETAIN_SELF = YES;
				CLANG_WARN_OBJC_LITERAL_CONVERSION = YES;
				CLANG_WARN_OBJC_ROOT_CLASS = YES_ERROR;
				CLANG_WARN_RANGE_LOOP_ANALYSIS = YES;
				CLANG_WARN_STRICT_PROTOTYPES = YES;
				CLANG_WARN_SUSPICIOUS_MOVE = YES;
				CLANG_WARN_UNGUARDED_AVAILABILITY = YES_AGGRESSIVE;
				CLANG_WARN_UNREACHABLE_CODE = YES;
				CLANG_WARN__DUPLICATE_METHOD_MATCH = YES;
				COPY_PHASE_STRIP = NO;
				DEBUG_INFORMATION_FORMAT = dwarf;
				ENABLE_STRICT_OBJC_MSGSEND = YES;
				ENABLE_TESTABILITY = YES;
				GCC_C_LANGUAGE_STANDARD = gnu11;
				GCC_DYNAMIC_NO_PIC = NO;
				GCC_NO_COMMON_BLOCKS = YES;
				GCC_OPTIMIZATION_LEVEL = 0;
				GCC_PREPROCESSOR_DEFINITIONS = (
					"DEBUG=1",
					"$(inherited)",
				);
				GCC_WARN_64_TO_32_BIT_CONVERSION = YES;
				GCC_WARN_ABOUT_RETURN_TYPE = YES_ERROR;
				GCC_WARN_UNDECLARED_SELECTOR = YES;
				GCC_WARN_UNINITIALIZED_AUTOS = YES_AGGRESSIVE;
				GCC_WARN_UNUSED_FUNCTION = YES;
				GCC_WARN_UNUSED_VARIABLE = YES;
				IPHONEOS_DEPLOYMENT_TARGET = 13.2;
				MTL_ENABLE_DEBUG_INFO = INCLUDE_SOURCE;
				MTL_FAST_MATH = YES;
				ONLY_ACTIVE_ARCH = YES;
				SDKROOT = iphoneos;
				SWIFT_ACTIVE_COMPILATION_CONDITIONS = DEBUG;
				SWIFT_OPTIMIZATION_LEVEL = "-Onone";
			};
			name = Debug;
		};
		D254C803238BA81900E4B7E1 /* Release */ = {
			isa = XCBuildConfiguration;
			buildSettings = {
				ALWAYS_SEARCH_USER_PATHS = NO;
				CLANG_ANALYZER_NONNULL = YES;
				CLANG_ANALYZER_NUMBER_OBJECT_CONVERSION = YES_AGGRESSIVE;
				CLANG_CXX_LANGUAGE_STANDARD = "gnu++14";
				CLANG_CXX_LIBRARY = "libc++";
				CLANG_ENABLE_MODULES = YES;
				CLANG_ENABLE_OBJC_ARC = YES;
				CLANG_ENABLE_OBJC_WEAK = YES;
				CLANG_WARN_BLOCK_CAPTURE_AUTORELEASING = YES;
				CLANG_WARN_BOOL_CONVERSION = YES;
				CLANG_WARN_COMMA = YES;
				CLANG_WARN_CONSTANT_CONVERSION = YES;
				CLANG_WARN_DEPRECATED_OBJC_IMPLEMENTATIONS = YES;
				CLANG_WARN_DIRECT_OBJC_ISA_USAGE = YES_ERROR;
				CLANG_WARN_DOCUMENTATION_COMMENTS = YES;
				CLANG_WARN_EMPTY_BODY = YES;
				CLANG_WARN_ENUM_CONVERSION = YES;
				CLANG_WARN_INFINITE_RECURSION = YES;
				CLANG_WARN_INT_CONVERSION = YES;
				CLANG_WARN_NON_LITERAL_NULL_CONVERSION = YES;
				CLANG_WARN_OBJC_IMPLICIT_RETAIN_SELF = YES;
				CLANG_WARN_OBJC_LITERAL_CONVERSION = YES;
				CLANG_WARN_OBJC_ROOT_CLASS = YES_ERROR;
				CLANG_WARN_RANGE_LOOP_ANALYSIS = YES;
				CLANG_WARN_STRICT_PROTOTYPES = YES;
				CLANG_WARN_SUSPICIOUS_MOVE = YES;
				CLANG_WARN_UNGUARDED_AVAILABILITY = YES_AGGRESSIVE;
				CLANG_WARN_UNREACHABLE_CODE = YES;
				CLANG_WARN__DUPLICATE_METHOD_MATCH = YES;
				COPY_PHASE_STRIP = NO;
				DEBUG_INFORMATION_FORMAT = "dwarf-with-dsym";
				ENABLE_NS_ASSERTIONS = NO;
				ENABLE_STRICT_OBJC_MSGSEND = YES;
				GCC_C_LANGUAGE_STANDARD = gnu11;
				GCC_NO_COMMON_BLOCKS = YES;
				GCC_WARN_64_TO_32_BIT_CONVERSION = YES;
				GCC_WARN_ABOUT_RETURN_TYPE = YES_ERROR;
				GCC_WARN_UNDECLARED_SELECTOR = YES;
				GCC_WARN_UNINITIALIZED_AUTOS = YES_AGGRESSIVE;
				GCC_WARN_UNUSED_FUNCTION = YES;
				GCC_WARN_UNUSED_VARIABLE = YES;
				IPHONEOS_DEPLOYMENT_TARGET = 13.2;
				MTL_ENABLE_DEBUG_INFO = NO;
				MTL_FAST_MATH = YES;
				SDKROOT = iphoneos;
				SWIFT_COMPILATION_MODE = wholemodule;
				SWIFT_OPTIMIZATION_LEVEL = "-O";
				VALIDATE_PRODUCT = YES;
			};
			name = Release;
		};
		D254C805238BA81900E4B7E1 /* Debug */ = {
			isa = XCBuildConfiguration;
			buildSettings = {
				ASSETCATALOG_COMPILER_COMPLICATION_NAME = Complication;
				CODE_SIGN_STYLE = Automatic;
				DEVELOPMENT_ASSET_PATHS = "\"SpentAll Expense Tracker WatchKit Extension/Preview Content\"";
				DEVELOPMENT_TEAM = AY47KJ5YA8;
				ENABLE_PREVIEWS = YES;
				INFOPLIST_FILE = "SpentAll Expense Tracker WatchKit Extension/Info.plist";
				LD_RUNPATH_SEARCH_PATHS = (
					"$(inherited)",
					"@executable_path/Frameworks",
					"@executable_path/../../Frameworks",
				);
				PRODUCT_BUNDLE_IDENTIFIER = "com.brianmacpherson.SpentAll-Expense-Tracker.watchkitapp.watchkitextension";
				PRODUCT_NAME = "${TARGET_NAME}";
				SDKROOT = watchos;
				SKIP_INSTALL = YES;
				SWIFT_VERSION = 5.0;
				TARGETED_DEVICE_FAMILY = 4;
				WATCHOS_DEPLOYMENT_TARGET = 6.1;
			};
			name = Debug;
		};
		D254C806238BA81900E4B7E1 /* Release */ = {
			isa = XCBuildConfiguration;
			buildSettings = {
				ASSETCATALOG_COMPILER_COMPLICATION_NAME = Complication;
				CODE_SIGN_STYLE = Automatic;
				DEVELOPMENT_ASSET_PATHS = "\"SpentAll Expense Tracker WatchKit Extension/Preview Content\"";
				DEVELOPMENT_TEAM = AY47KJ5YA8;
				ENABLE_PREVIEWS = YES;
				INFOPLIST_FILE = "SpentAll Expense Tracker WatchKit Extension/Info.plist";
				LD_RUNPATH_SEARCH_PATHS = (
					"$(inherited)",
					"@executable_path/Frameworks",
					"@executable_path/../../Frameworks",
				);
				PRODUCT_BUNDLE_IDENTIFIER = "com.brianmacpherson.SpentAll-Expense-Tracker.watchkitapp.watchkitextension";
				PRODUCT_NAME = "${TARGET_NAME}";
				SDKROOT = watchos;
				SKIP_INSTALL = YES;
				SWIFT_VERSION = 5.0;
				TARGETED_DEVICE_FAMILY = 4;
				WATCHOS_DEPLOYMENT_TARGET = 6.1;
			};
			name = Release;
		};
		D254C809238BA81900E4B7E1 /* Debug */ = {
			isa = XCBuildConfiguration;
			buildSettings = {
				ALWAYS_EMBED_SWIFT_STANDARD_LIBRARIES = YES;
				ASSETCATALOG_COMPILER_APPICON_NAME = AppIcon;
				CODE_SIGN_STYLE = Automatic;
				DEVELOPMENT_TEAM = AY47KJ5YA8;
				IBSC_MODULE = SpentAll_Expense_Tracker_WatchKit_Extension;
				INFOPLIST_FILE = "SpentAll Expense Tracker WatchKit App/Info.plist";
				PRODUCT_BUNDLE_IDENTIFIER = "com.brianmacpherson.SpentAll-Expense-Tracker.watchkitapp";
				PRODUCT_NAME = "$(TARGET_NAME)";
				SDKROOT = watchos;
				SKIP_INSTALL = YES;
				SWIFT_VERSION = 5.0;
				TARGETED_DEVICE_FAMILY = 4;
				WATCHOS_DEPLOYMENT_TARGET = 6.1;
			};
			name = Debug;
		};
		D254C80A238BA81900E4B7E1 /* Release */ = {
			isa = XCBuildConfiguration;
			buildSettings = {
				ALWAYS_EMBED_SWIFT_STANDARD_LIBRARIES = YES;
				ASSETCATALOG_COMPILER_APPICON_NAME = AppIcon;
				CODE_SIGN_STYLE = Automatic;
				DEVELOPMENT_TEAM = AY47KJ5YA8;
				IBSC_MODULE = SpentAll_Expense_Tracker_WatchKit_Extension;
				INFOPLIST_FILE = "SpentAll Expense Tracker WatchKit App/Info.plist";
				PRODUCT_BUNDLE_IDENTIFIER = "com.brianmacpherson.SpentAll-Expense-Tracker.watchkitapp";
				PRODUCT_NAME = "$(TARGET_NAME)";
				SDKROOT = watchos;
				SKIP_INSTALL = YES;
				SWIFT_VERSION = 5.0;
				TARGETED_DEVICE_FAMILY = 4;
				WATCHOS_DEPLOYMENT_TARGET = 6.1;
			};
			name = Release;
		};
		D254C80D238BA81900E4B7E1 /* Debug */ = {
			isa = XCBuildConfiguration;
			buildSettings = {
				ASSETCATALOG_COMPILER_APPICON_NAME = AppIcon;
				CODE_SIGN_STYLE = Automatic;
				DEVELOPMENT_ASSET_PATHS = "\"SpentAll Expense Tracker/Preview Content\"";
				DEVELOPMENT_TEAM = AY47KJ5YA8;
				ENABLE_PREVIEWS = YES;
				INFOPLIST_FILE = "SpentAll Expense Tracker/Info.plist";
				IPHONEOS_DEPLOYMENT_TARGET = 13.0;
				LD_RUNPATH_SEARCH_PATHS = (
					"$(inherited)",
					"@executable_path/Frameworks",
				);
				PRODUCT_BUNDLE_IDENTIFIER = "com.brianmacpherson.SpentAll-Expense-Tracker";
				PRODUCT_NAME = SpentAll;
				SWIFT_VERSION = 5.0;
				TARGETED_DEVICE_FAMILY = "1,2";
			};
			name = Debug;
		};
		D254C80E238BA81900E4B7E1 /* Release */ = {
			isa = XCBuildConfiguration;
			buildSettings = {
				ASSETCATALOG_COMPILER_APPICON_NAME = AppIcon;
				CODE_SIGN_STYLE = Automatic;
				DEVELOPMENT_ASSET_PATHS = "\"SpentAll Expense Tracker/Preview Content\"";
				DEVELOPMENT_TEAM = AY47KJ5YA8;
				ENABLE_PREVIEWS = YES;
				INFOPLIST_FILE = "SpentAll Expense Tracker/Info.plist";
				IPHONEOS_DEPLOYMENT_TARGET = 13.0;
				LD_RUNPATH_SEARCH_PATHS = (
					"$(inherited)",
					"@executable_path/Frameworks",
				);
				PRODUCT_BUNDLE_IDENTIFIER = "com.brianmacpherson.SpentAll-Expense-Tracker";
				PRODUCT_NAME = SpentAll;
				SWIFT_VERSION = 5.0;
				TARGETED_DEVICE_FAMILY = "1,2";
			};
			name = Release;
		};
/* End XCBuildConfiguration section */

/* Begin XCConfigurationList section */
		D254C7C4238BA81100E4B7E1 /* Build configuration list for PBXProject "SpentAll Expense Tracker" */ = {
			isa = XCConfigurationList;
			buildConfigurations = (
				D254C802238BA81900E4B7E1 /* Debug */,
				D254C803238BA81900E4B7E1 /* Release */,
			);
			defaultConfigurationIsVisible = 0;
			defaultConfigurationName = Release;
		};
		D254C804238BA81900E4B7E1 /* Build configuration list for PBXNativeTarget "SpentAll Expense Tracker WatchKit Extension" */ = {
			isa = XCConfigurationList;
			buildConfigurations = (
				D254C805238BA81900E4B7E1 /* Debug */,
				D254C806238BA81900E4B7E1 /* Release */,
			);
			defaultConfigurationIsVisible = 0;
			defaultConfigurationName = Release;
		};
		D254C808238BA81900E4B7E1 /* Build configuration list for PBXNativeTarget "SpentAll Expense Tracker WatchKit App" */ = {
			isa = XCConfigurationList;
			buildConfigurations = (
				D254C809238BA81900E4B7E1 /* Debug */,
				D254C80A238BA81900E4B7E1 /* Release */,
			);
			defaultConfigurationIsVisible = 0;
			defaultConfigurationName = Release;
		};
		D254C80C238BA81900E4B7E1 /* Build configuration list for PBXNativeTarget "SpentAll Expense Tracker" */ = {
			isa = XCConfigurationList;
			buildConfigurations = (
				D254C80D238BA81900E4B7E1 /* Debug */,
				D254C80E238BA81900E4B7E1 /* Release */,
			);
			defaultConfigurationIsVisible = 0;
			defaultConfigurationName = Release;
		};
/* End XCConfigurationList section */
	};
	rootObject = D254C7C1238BA81100E4B7E1 /* Project object */;
}
